
Microsoft Visual Studio Solution File, Format Version 12.00
# Visual Studio Version 16
VisualStudioVersion = 16.0.31025.218
MinimumVisualStudioVersion = 10.0.40219.1
Project("{9A19103F-16F7-4668-BE54-9A1E7A4F7556}") = "TwitchHostingManager.Services", "TwitchHostingManager.Services\TwitchHostingManager.Services.csproj", "{DE0394D6-FF96-48DB-870C-D85557E03903}"
EndProject
Project("{9A19103F-16F7-4668-BE54-9A1E7A4F7556}") = "TestClient", "TestClient\TestClient.csproj", "{F31AF818-ABA1-455E-B986-8E9BF633414B}"
EndProject
Project("{9A19103F-16F7-4668-BE54-9A1E7A4F7556}") = "TwitchHostingManager.Functions", "TwitchHostingManager.Functions\TwitchHostingManager.Functions.csproj", "{3D618948-AD86-440F-A611-041282F57257}"
EndProject
Global
	GlobalSection(SolutionConfigurationPlatforms) = preSolution
		Debug|Any CPU = Debug|Any CPU
		Release|Any CPU = Release|Any CPU
	EndGlobalSection
	GlobalSection(ProjectConfigurationPlatforms) = postSolution
		{DE0394D6-FF96-48DB-870C-D85557E03903}.Debug|Any CPU.ActiveCfg = Debug|Any CPU
		{DE0394D6-FF96-48DB-870C-D85557E03903}.Debug|Any CPU.Build.0 = Debug|Any CPU
		{DE0394D6-FF96-48DB-870C-D85557E03903}.Release|Any CPU.ActiveCfg = Release|Any CPU
		{DE0394D6-FF96-48DB-870C-D85557E03903}.Release|Any CPU.Build.0 = Release|Any CPU
		{F31AF818-ABA1-455E-B986-8E9BF633414B}.Debug|Any CPU.ActiveCfg = Debug|Any CPU
		{F31AF818-ABA1-455E-B986-8E9BF633414B}.Debug|Any CPU.Build.0 = Debug|Any CPU
		{F31AF818-ABA1-455E-B986-8E9BF633414B}.Release|Any CPU.ActiveCfg = Release|Any CPU
		{F31AF818-ABA1-455E-B986-8E9BF633414B}.Release|Any CPU.Build.0 = Release|Any CPU
		{3D618948-AD86-440F-A611-041282F57257}.Debug|Any CPU.ActiveCfg = Debug|Any CPU
		{3D618948-AD86-440F-A611-041282F57257}.Debug|Any CPU.Build.0 = Debug|Any CPU
		{3D618948-AD86-440F-A611-041282F57257}.Release|Any CPU.ActiveCfg = Release|Any CPU
		{3D618948-AD86-440F-A611-041282F57257}.Release|Any CPU.Build.0 = Release|Any CPU
	EndGlobalSection
	GlobalSection(SolutionProperties) = preSolution
		HideSolutionNode = FALSE
	EndGlobalSection
	GlobalSection(ExtensibilityGlobals) = postSolution
		SolutionGuid = {C0969E66-8B24-4AAD-9D86-3AE1BDD3C5CF}
	EndGlobalSection
EndGlobal
